# This file is autogenerated, do not edit; changes may be undone by the next 'dep ensure'.


[[projects]]
  digest = "1:5bb36304653e73c2ced864d49c9f344e7141a7ceef852442edcea212094ebc3c"
  name = "github.com/beorn7/perks"
  packages = ["quantile"]
  pruneopts = "UT"
  revision = "4c0e84591b9aa9e6dcfdf3e020114cd81f89d5f9"

[[projects]]
  digest = "1:0b06d20c1e3112e29fc6679b1040c76344506eea142442e16788a3e72fb1930c"
  name = "github.com/cloudflare/backoff"
  packages = ["."]
  pruneopts = "UT"
  revision = "f659644c644c7ac3564c8acba556d8d74a07c547"

[[projects]]
  digest = "1:377384fc4885c78b3760034c3229bee80399812448b77b485ef024a11d8ecc74"
  name = "github.com/cloudflare/cfssl"
  packages = [
    "api",
    "api/client",
    "auth",
    "certdb",
    "config",
    "crypto/pkcs7",
    "csr",
    "errors",
    "helpers",
    "helpers/derhelpers",
    "info",
    "log",
    "ocsp/config",
    "revoke",
    "signer",
    "transport",
    "transport/ca",
    "transport/core",
    "transport/kp",
    "transport/roots",
    "transport/roots/system",
  ]
  pruneopts = "UT"
  revision = "92f8f790e399013e94433e60966f3b113be06c07"

[[projects]]
  digest = "1:aed63cf5b1b55dbc9c175458ce3f5a9f47d8d212182657fd04ac57d65b7df929"
  name = "github.com/fsnotify/fsnotify"
  packages = ["."]
  pruneopts = "UT"
  revision = "bd2828f9f176e52d7222e565abb2d338d3f3c103"

[[projects]]
  digest = "1:4df3b0f5c4ad7e17e1410019ad3596cb7611a86df420fd4756d0c1ab5defdca6"
  name = "github.com/golang/protobuf"
  packages = ["proto"]
  pruneopts = "UT"
  revision = "98fa357170587e470c5f27d3c3ea0947b71eb455"

[[projects]]
  digest = "1:a13df4501293666429a82c11aaa1c48b9c2818592b980ea47da04196be05143d"
  name = "github.com/hashicorp/hcl"
  packages = [
    ".",
    "hcl/ast",
    "hcl/parser",
    "hcl/scanner",
    "hcl/strconv",
    "hcl/token",
    "json/parser",
    "json/scanner",
    "json/token",
  ]
  pruneopts = "UT"
  revision = "6f5bfed9a0a22222fbe4e731ae3481730ba41e93"

[[projects]]
  digest = "1:870d441fe217b8e689d7949fef6e43efbc787e50f200cb1e70dbca9204a1d6be"
  name = "github.com/inconshreveable/mousetrap"
  packages = ["."]
  pruneopts = "UT"
  revision = "76626ae9c91c4f2a10f34cad8ce83ea42c93bb75"
  version = "v1.0"

[[projects]]
  digest = "1:81780a09277ee80f2bfbb90da6f51b5de95423db6cde8ff6d72cd20eba989bba"
  name = "github.com/kr/fs"
  packages = ["."]
  pruneopts = "UT"
  revision = "2788f0dbd16903de03cb8186e5c7d97b69ad387b"

[[projects]]
  digest = "1:ad64e297f65e4e80644e3010363f555644d22966db06e3634c6ceb2a856589cb"
  name = "github.com/magiconair/properties"
  packages = ["."]
  pruneopts = "UT"
  revision = "0723e352fa358f9322c938cc2dadda874e9151a9"

[[projects]]
  digest = "1:ff5ebae34cfbf047d505ee150de27e60570e8c394b3b8fdbb720ff6ac71985fc"
  name = "github.com/matttproud/golang_protobuf_extensions"
  packages = ["pbutil"]
  pruneopts = "UT"
  revision = "c12348ce28de40eed0136aa2b644d0ee0650e56c"
  version = "v1.0.1"

[[projects]]
  digest = "1:a055d7bbb2d254b42a3117c2592375d3bfff70e67e871e8444806af8e97ce7ff"
  name = "github.com/mitchellh/mapstructure"
  packages = ["."]
  pruneopts = "UT"
  revision = "a6ef2f080c66d0a2e94e97cf74f80f772855da63"

[[projects]]
  digest = "1:c416b52f6afb8f40cd1ca987ca53c38e65bd169d3de6d89d729880ddf91670f0"
  name = "github.com/pelletier/go-buffruneio"
  packages = ["."]
  pruneopts = "UT"
  revision = "df1e16fde7fc330a0ca68167c23bf7ed6ac31d6d"
  version = "v0.1.0"

[[projects]]
  digest = "1:c47944e75eb63776d3d4a57a3a35cd8d932d5122301e69e4a16113cc57da58d7"
  name = "github.com/pelletier/go-toml"
  packages = ["."]
  pruneopts = "UT"
  revision = "45932ad32dfdd20826f5671da37a5f3ce9f26a8d"

[[projects]]
  digest = "1:40e195917a951a8bf867cd05de2a46aaf1806c50cf92eebf4c16f78cd196f747"
  name = "github.com/pkg/errors"
  packages = ["."]
  pruneopts = "UT"
  revision = "839d9e913e063e28dfd0e6c7b7512793e0a48be9"

[[projects]]
  digest = "1:8c2de3d113427f30484c85b8fdb3286a567e2af8e60b379f8d85e3af90e20089"
  name = "github.com/pkg/sftp"
  packages = ["."]
  pruneopts = "UT"
  revision = "4d0e916071f68db74f8a73926335f809396d6b42"

[[projects]]
  digest = "1:a53e9a48bf89a054667f11d02beae73c0011395e2a9d38b4235a2c374ad98f9a"
  name = "github.com/prometheus/client_golang"
  packages = [
    "prometheus",
    "prometheus/promhttp",
  ]
  pruneopts = "UT"
  revision = "5636dc67ae776adf5590da7349e70fbb9559972d"

[[projects]]
  digest = "1:9fe8945a11a9f588a9d306b4741cad634da9015a704271b9506810e2cc77fa17"
  name = "github.com/prometheus/client_model"
  packages = ["go"]
  pruneopts = "UT"
  revision = "fa8ad6fec33561be4280a8f0514318c79d7f6cb6"

[[projects]]
  digest = "1:7c48cbf773fab68e1e22e4b0486d03bc58f5cb5983fccafdb4a4b94f67858fd0"
  name = "github.com/prometheus/common"
  packages = [
    "expfmt",
    "internal/bitbucket.org/ww/goautoneg",
    "model",
  ]
  pruneopts = "UT"
  revision = "85637ea67b04b5c3bb25e671dacded2977f8f9f6"

[[projects]]
  digest = "1:0e64768e135f396efaf89fe31905bf3bae46d331dfbe5c52615a0bd9276eb792"
  name = "github.com/prometheus/procfs"
  packages = ["."]
  pruneopts = "UT"
  revision = "abf152e5f3e97f2fafac028d2cc06c1feb87ffa5"

[[projects]]
  digest = "1:ad377bd8cc2628c57276e9f880e5211774c916edb8139716b3153092b028c58c"
  name = "github.com/spf13/afero"
  packages = [
    ".",
    "mem",
    "sftp",
  ]
  pruneopts = "UT"
  revision = "52e4a6cfac46163658bd4f123c49b6ee7dc75f78"

[[projects]]
  digest = "1:964ec0e39dbdedeb872407141c0d196f1c66a88796993c2695db293bc3ff99c5"
  name = "github.com/spf13/cast"
  packages = ["."]
  pruneopts = "UT"
  revision = "2580bc98dc0e62908119e4737030cc2fdfc45e4c"

[[projects]]
  digest = "1:466208cd4f78e2a453d92381511c0fa7bba694a3b42e5bed4a59f3ecbe1bb567"
  name = "github.com/spf13/cobra"
  packages = ["."]
  pruneopts = "UT"
  revision = "856b96dcb49d6427babe192998a35190a12c2230"

[[projects]]
  digest = "1:16c1437fdd40ea6e3419868c7ee065376bb36c660c63d86dc858bdf05d20033d"
  name = "github.com/spf13/jwalterweatherman"
  packages = ["."]
  pruneopts = "UT"
  revision = "33c24e77fb80341fe7130ee7c594256ff08ccc46"

[[projects]]
  digest = "1:7b9df121b62fa656c43c9ac20d3466b48cb39159dc3921707e4df98e41fadad6"
  name = "github.com/spf13/pflag"
  packages = ["."]
  pruneopts = "UT"
  revision = "bf8481a6aebc13a8aab52e699ffe2e79771f5a3f"

[[projects]]
  digest = "1:31ac151c73d23db26d2ae3a2f4a0430b23fdace48938f3aab59a28ef14dc2235"
  name = "github.com/spf13/viper"
  packages = ["."]
  pruneopts = "UT"
  revision = "50515b700e02658272117a72bd641b6b7f1222e5"

[[projects]]
  digest = "1:3e00dbff2c5d3cab2df89a3801203d36243feb1038f58fc76c18af273d0d50dc"
  name = "golang.org/x/crypto"
  packages = [
    "curve25519",
    "ed25519",
    "ed25519/internal/edwards25519",
    "ocsp",
    "pkcs12",
    "pkcs12/internal/rc2",
    "ssh",
  ]
  pruneopts = "UT"
  revision = "5f4e837b98443e9e7a65072235205993af565d85"

[[projects]]
  digest = "1:530734643b074f3c81082e8195d7924eb7e33287e2ab527f10bbb77e99fb2aa5"
  name = "golang.org/x/sys"
  packages = ["unix"]
  pruneopts = "UT"
  revision = "002cbb5f952456d0c50e0d2aff17ea5eca716979"

[[projects]]
  digest = "1:33f0e1b054bcb060f462592ace685a121ab23378beacad0f5465591a7fb87311"
  name = "golang.org/x/text"
  packages = [
    "internal/gen",
    "internal/triegen",
    "internal/ucd",
    "transform",
    "unicode/cldr",
    "unicode/norm",
  ]
  pruneopts = "UT"
  revision = "fa5033c827cad7080e8e7047a0091945b0e1f031"

[[projects]]
  branch = "v1"
  digest = "1:4384086c0f7f9e662c2ae8e900af35dc75ff262205b362597bb65af2fd8a21c9"
  name = "gopkg.in/yaml.v1"
  packages = ["."]
  pruneopts = "UT"
  revision = "9f9df34309c04878acc86042b16630b0f696e1de"

[[projects]]
  digest = "1:cacb98d52c60c337c2ce95a7af83ba0313a93ce5e73fa9e99a96aff70776b9d3"
  name = "gopkg.in/yaml.v2"
  packages = ["."]
  pruneopts = "UT"
  revision = "a5b47d31c556af34a302ce5d659e6fea44d90de0"

[solve-meta]
  analyzer-name = "dep"
  analyzer-version = 1
  input-imports = [
    "github.com/cloudflare/cfssl/api",
    "github.com/cloudflare/cfssl/api/client",
    "github.com/cloudflare/cfssl/csr",
    "github.com/cloudflare/cfssl/errors",
    "github.com/cloudflare/cfssl/info",
    "github.com/cloudflare/cfssl/log",
    "github.com/cloudflare/cfssl/transport",
    "github.com/cloudflare/cfssl/transport/core",
    "github.com/prometheus/client_golang/prometheus",
    "github.com/prometheus/client_golang/prometheus/promhttp",
    "github.com/spf13/cobra",
    "github.com/spf13/viper",
    "gopkg.in/yaml.v1",
    "gopkg.in/yaml.v2",
  ]
  solver-name = "gps-cdcl"
  solver-version = 1
